// !$*UTF8*$!
{
	archiveVersion = 1;
	classes = {
	};
	objectVersion = 46;
	objects = {

/* Begin PBXBuildFile section */
		9EFADEF41C99A53C0015527A /* NodeController.cpp in Sources */ = {isa = PBXBuildFile; fileRef = 9EFADEE61C99A53C0015527A /* NodeController.cpp */; };
		9EFADEF51C99A53C0015527A /* NodeRunner.cpp in Sources */ = {isa = PBXBuildFile; fileRef = 9EFADEE81C99A53C0015527A /* NodeRunner.cpp */; };
		9EFADEF61C99A53C0015527A /* ArrayNode.cpp in Sources */ = {isa = PBXBuildFile; fileRef = 9EFADEEA1C99A53C0015527A /* ArrayNode.cpp */; };
		9EFADEF71C99A53C0015527A /* CTECArray.cpp in Sources */ = {isa = PBXBuildFile; fileRef = 9EFADEEC1C99A53C0015527A /* CTECArray.cpp */; };
		9EFADEF81C99A53C0015527A /* CTECList.cpp in Sources */ = {isa = PBXBuildFile; fileRef = 9EFADEEE1C99A53C0015527A /* CTECList.cpp */; };
		9EFADEF91C99A53C0015527A /* Node.cpp in Sources */ = {isa = PBXBuildFile; fileRef = 9EFADEF01C99A53C0015527A /* Node.cpp */; };
		9EFADEFA1C99A53C0015527A /* Timer.cpp in Sources */ = {isa = PBXBuildFile; fileRef = 9EFADEF21C99A53C0015527A /* Timer.cpp */; };
/* End PBXBuildFile section */

/* Begin PBXCopyFilesBuildPhase section */
		9EFADED81C99A4A30015527A /* CopyFiles */ = {
			isa = PBXCopyFilesBuildPhase;
			buildActionMask = 2147483647;
			dstPath = /usr/share/man/man1/;
			dstSubfolderSpec = 0;
			files = (
			);
			runOnlyForDeploymentPostprocessing = 1;
		};
/* End PBXCopyFilesBuildPhase section */

/* Begin PBXFileReference section */
		9EFADEDA1C99A4A30015527A /* NodesInXCe */ = {isa = PBXFileReference; explicitFileType = "compiled.mach-o.executable"; includeInIndex = 0; path = NodesInXCe; sourceTree = BUILT_PRODUCTS_DIR; };
		9EFADEE61C99A53C0015527A /* NodeController.cpp */ = {isa = PBXFileReference; fileEncoding = 4; lastKnownFileType = sourcecode.cpp.cpp; path = NodeController.cpp; sourceTree = "<group>"; };
		9EFADEE71C99A53C0015527A /* NodeController.h */ = {isa = PBXFileReference; fileEncoding = 4; lastKnownFileType = sourcecode.c.h; path = NodeController.h; sourceTree = "<group>"; };
		9EFADEE81C99A53C0015527A /* NodeRunner.cpp */ = {isa = PBXFileReference; fileEncoding = 4; lastKnownFileType = sourcecode.cpp.cpp; path = NodeRunner.cpp; sourceTree = "<group>"; };
		9EFADEEA1C99A53C0015527A /* ArrayNode.cpp */ = {isa = PBXFileReference; fileEncoding = 4; lastKnownFileType = sourcecode.cpp.cpp; path = ArrayNode.cpp; sourceTree = "<group>"; };
		9EFADEEB1C99A53C0015527A /* ArrayNode.h */ = {isa = PBXFileReference; fileEncoding = 4; lastKnownFileType = sourcecode.c.h; path = ArrayNode.h; sourceTree = "<group>"; };
		9EFADEEC1C99A53C0015527A /* CTECArray.cpp */ = {isa = PBXFileReference; fileEncoding = 4; lastKnownFileType = sourcecode.cpp.cpp; path = CTECArray.cpp; sourceTree = "<group>"; };
		9EFADEED1C99A53C0015527A /* CTECArray.h */ = {isa = PBXFileReference; fileEncoding = 4; lastKnownFileType = sourcecode.c.h; path = CTECArray.h; sourceTree = "<group>"; };
		9EFADEEE1C99A53C0015527A /* CTECList.cpp */ = {isa = PBXFileReference; fileEncoding = 4; lastKnownFileType = sourcecode.cpp.cpp; path = CTECList.cpp; sourceTree = "<group>"; };
		9EFADEEF1C99A53C0015527A /* CTECList.h */ = {isa = PBXFileReference; fileEncoding = 4; lastKnownFileType = sourcecode.c.h; path = CTECList.h; sourceTree = "<group>"; };
		9EFADEF01C99A53C0015527A /* Node.cpp */ = {isa = PBXFileReference; fileEncoding = 4; lastKnownFileType = sourcecode.cpp.cpp; path = Node.cpp; sourceTree = "<group>"; };
		9EFADEF11C99A53C0015527A /* Node.h */ = {isa = PBXFileReference; fileEncoding = 4; lastKnownFileType = sourcecode.c.h; path = Node.h; sourceTree = "<group>"; };
		9EFADEF21C99A53C0015527A /* Timer.cpp */ = {isa = PBXFileReference; fileEncoding = 4; lastKnownFileType = sourcecode.cpp.cpp; path = Timer.cpp; sourceTree = "<group>"; };
		9EFADEF31C99A53C0015527A /* Timer.h */ = {isa = PBXFileReference; fileEncoding = 4; lastKnownFileType = sourcecode.c.h; path = Timer.h; sourceTree = "<group>"; };
/* End PBXFileReference section */

/* Begin PBXFrameworksBuildPhase section */
		9EFADED71C99A4A30015527A /* Frameworks */ = {
			isa = PBXFrameworksBuildPhase;
			buildActionMask = 2147483647;
			files = (
			);
			runOnlyForDeploymentPostprocessing = 0;
		};
/* End PBXFrameworksBuildPhase section */

/* Begin PBXGroup section */
		9EFADED11C99A4A30015527A = {
			isa = PBXGroup;
			children = (
				9EFADEE41C99A53C0015527A /* src */,
				9EFADEDB1C99A4A30015527A /* Products */,
			);
			sourceTree = "<group>";
		};
		9EFADEDB1C99A4A30015527A /* Products */ = {
			isa = PBXGroup;
			children = (
				9EFADEDA1C99A4A30015527A /* NodesInXCe */,
			);
			name = Products;
			sourceTree = "<group>";
		};
		9EFADEE41C99A53C0015527A /* src */ = {
			isa = PBXGroup;
			children = (
				9EFADEE51C99A53C0015527A /* Controller */,
				9EFADEE91C99A53C0015527A /* Model */,
			);
			path = src;
			sourceTree = "<group>";
		};
		9EFADEE51C99A53C0015527A /* Controller */ = {
			isa = PBXGroup;
			children = (
				9EFADEE61C99A53C0015527A /* NodeController.cpp */,
				9EFADEE71C99A53C0015527A /* NodeController.h */,
				9EFADEE81C99A53C0015527A /* NodeRunner.cpp */,
			);
			path = Controller;
			sourceTree = "<group>";
		};
		9EFADEE91C99A53C0015527A /* Model */ = {
			isa = PBXGroup;
			children = (
				9EFADEEA1C99A53C0015527A /* ArrayNode.cpp */,
				9EFADEEB1C99A53C0015527A /* ArrayNode.h */,
				9EFADEEC1C99A53C0015527A /* CTECArray.cpp */,
				9EFADEED1C99A53C0015527A /* CTECArray.h */,
				9EFADEEE1C99A53C0015527A /* CTECList.cpp */,
				9EFADEEF1C99A53C0015527A /* CTECList.h */,
				9EFADEF01C99A53C0015527A /* Node.cpp */,
				9EFADEF11C99A53C0015527A /* Node.h */,
				9EFADEF21C99A53C0015527A /* Timer.cpp */,
				9EFADEF31C99A53C0015527A /* Timer.h */,
			);
			path = Model;
			sourceTree = "<group>";
		};
/* End PBXGroup section */

/* Begin PBXNativeTarget section */
		9EFADED91C99A4A30015527A /* NodesInXCe */ = {
			isa = PBXNativeTarget;
			buildConfigurationList = 9EFADEE11C99A4A30015527A /* Build configuration list for PBXNativeTarget "NodesInXCe" */;
			buildPhases = (
				9EFADED61C99A4A30015527A /* Sources */,
				9EFADED71C99A4A30015527A /* Frameworks */,
				9EFADED81C99A4A30015527A /* CopyFiles */,
			);
			buildRules = (
			);
			dependencies = (
			);
			name = NodesInXCe;
			productName = NodesInXCe;
			productReference = 9EFADEDA1C99A4A30015527A /* NodesInXCe */;
			productType = "com.apple.product-type.tool";
		};
/* End PBXNativeTarget section */

/* Begin PBXProject section */
		9EFADED21C99A4A30015527A /* Project object */ = {
			isa = PBXProject;
			attributes = {
				LastUpgradeCheck = 0720;
				ORGANIZATIONNAME = CTEC;
				TargetAttributes = {
					9EFADED91C99A4A30015527A = {
						CreatedOnToolsVersion = 7.2;
					};
				};
			};
			buildConfigurationList = 9EFADED51C99A4A30015527A /* Build configuration list for PBXProject "NodesInXCe" */;
			compatibilityVersion = "Xcode 3.2";
			developmentRegion = English;
			hasScannedForEncodings = 0;
			knownRegions = (
				en,
			);
			mainGroup = 9EFADED11C99A4A30015527A;
			productRefGroup = 9EFADEDB1C99A4A30015527A /* Products */;
			projectDirPath = "";
			projectRoot = "";
			targets = (
				9EFADED91C99A4A30015527A /* NodesInXCe */,
			);
		};
/* End PBXProject section */

/* Begin PBXSourcesBuildPhase section */
		9EFADED61C99A4A30015527A /* Sources */ = {
			isa = PBXSourcesBuildPhase;
			buildActionMask = 2147483647;
			files = (
				9EFADEF91C99A53C0015527A /* Node.cpp in Sources */,
				9EFADEF41C99A53C0015527A /* NodeController.cpp in Sources */,
				9EFADEFA1C99A53C0015527A /* Timer.cpp in Sources */,
				9EFADEF51C99A53C0015527A /* NodeRunner.cpp in Sources */,
				9EFADEF61C99A53C0015527A /* ArrayNode.cpp in Sources */,
				9EFADEF81C99A53C0015527A /* CTECList.cpp in Sources */,
				9EFADEF71C99A53C0015527A /* CTECArray.cpp in Sources */,
			);
			runOnlyForDeploymentPostprocessing = 0;
		};
/* End PBXSourcesBuildPhase section */

/* Begin XCBuildConfiguration section */
		9EFADEDF1C99A4A30015527A /* Debug */ = {
			isa = XCBuildConfiguration;
			buildSettings = {
				ALWAYS_SEARCH_USER_PATHS = NO;
				CLANG_CXX_LANGUAGE_STANDARD = "gnu++0x";
				CLANG_CXX_LIBRARY = "libc++";
				CLANG_ENABLE_MODULES = YES;
				CLANG_ENABLE_OBJC_ARC = YES;
				CLANG_WARN_BOOL_CONVERSION = YES;
				CLANG_WARN_CONSTANT_CONVERSION = YES;
				CLANG_WARN_DIRECT_OBJC_ISA_USAGE = YES_ERROR;
				CLANG_WARN_EMPTY_BODY = YES;
				CLANG_WARN_ENUM_CONVERSION = YES;
				CLANG_WARN_INT_CONVERSION = YES;
				CLANG_WARN_OBJC_ROOT_CLASS = YES_ERROR;
				CLANG_WARN_UNREACHABLE_CODE = YES;
				CLANG_WARN__DUPLICATE_METHOD_MATCH = YES;
				CODE_SIGN_IDENTITY = "-";
				COPY_PHASE_STRIP = NO;
				DEBUG_INFORMATION_FORMAT = dwarf;
				ENABLE_STRICT_OBJC_MSGSEND = YES;
				ENABLE_TESTABILITY = YES;
				GCC_C_LANGUAGE_STANDARD = gnu99;
				GCC_DYNAMIC_NO_PIC = NO;
				GCC_NO_COMMON_BLOCKS = YES;
				GCC_OPTIMIZATION_LEVEL = 0;
				GCC_PREPROCESSOR_DEFINITIONS = (
					"DEBUG=1",
					"$(inherited)",
				);
				GCC_WARN_64_TO_32_BIT_CONVERSION = YES;
				GCC_WARN_ABOUT_RETURN_TYPE = YES_ERROR;
				GCC_WARN_UNDECLARED_SELECTOR = YES;
				GCC_WARN_UNINITIALIZED_AUTOS = YES_AGGRESSIVE;
				GCC_WARN_UNUSED_FUNCTION = YES;
				GCC_WARN_UNUSED_VARIABLE = YES;
				MACOSX_DEPLOYMENT_TARGET = 10.10;
				MTL_ENABLE_DEBUG_INFO = YES;
				ONLY_ACTIVE_ARCH = YES;
				SDKROOT = macosx;
			};
			name = Debug;
		};
		9EFADEE01C99A4A30015527A /* Release */ = {
			isa = XCBuildConfiguration;
			buildSettings = {
				ALWAYS_SEARCH_USER_PATHS = NO;
				CLANG_CXX_LANGUAGE_STANDARD = "gnu++0x";
				CLANG_CXX_LIBRARY = "libc++";
				CLANG_ENABLE_MODULES = YES;
				CLANG_ENABLE_OBJC_ARC = YES;
				CLANG_WARN_BOOL_CONVERSION = YES;
				CLANG_WARN_CONSTANT_CONVERSION = YES;
				CLANG_WARN_DIRECT_OBJC_ISA_USAGE = YES_ERROR;
				CLANG_WARN_EMPTY_BODY = YES;
				CLANG_WARN_ENUM_CONVERSION = YES;
				CLANG_WARN_INT_CONVERSION = YES;
				CLANG_WARN_OBJC_ROOT_CLASS = YES_ERROR;
				CLANG_WARN_UNREACHABLE_CODE = YES;
				CLANG_WARN__DUPLICATE_METHOD_MATCH = YES;
				CODE_SIGN_IDENTITY = "-";
				COPY_PHASE_STRIP = NO;
				DEBUG_INFORMATION_FORMAT = "dwarf-with-dsym";
				ENABLE_NS_ASSERTIONS = NO;
				ENABLE_STRICT_OBJC_MSGSEND = YES;
				GCC_C_LANGUAGE_STANDARD = gnu99;
				GCC_NO_COMMON_BLOCKS = YES;
				GCC_WARN_64_TO_32_BIT_CONVERSION = YES;
				GCC_WARN_ABOUT_RETURN_TYPE = YES_ERROR;
				GCC_WARN_UNDECLARED_SELECTOR = YES;
				GCC_WARN_UNINITIALIZED_AUTOS = YES_AGGRESSIVE;
				GCC_WARN_UNUSED_FUNCTION = YES;
				GCC_WARN_UNUSED_VARIABLE = YES;
				MACOSX_DEPLOYMENT_TARGET = 10.10;
				MTL_ENABLE_DEBUG_INFO = NO;
				SDKROOT = macosx;
			};
			name = Release;
		};
		9EFADEE21C99A4A30015527A /* Debug */ = {
			isa = XCBuildConfiguration;
			buildSettings = {
				PRODUCT_NAME = "$(TARGET_NAME)";
			};
			name = Debug;
		};
		9EFADEE31C99A4A30015527A /* Release */ = {
			isa = XCBuildConfiguration;
			buildSettings = {
				PRODUCT_NAME = "$(TARGET_NAME)";
			};
			name = Release;
		};
/* End XCBuildConfiguration section */

/* Begin XCConfigurationList section */
		9EFADED51C99A4A30015527A /* Build configuration list for PBXProject "NodesInXCe" */ = {
			isa = XCConfigurationList;
			buildConfigurations = (
				9EFADEDF1C99A4A30015527A /* Debug */,
				9EFADEE01C99A4A30015527A /* Release */,
			);
			defaultConfigurationIsVisible = 0;
			defaultConfigurationName = Release;
		};
		9EFADEE11C99A4A30015527A /* Build configuration list for PBXNativeTarget "NodesInXCe" */ = {
			isa = XCConfigurationList;
			buildConfigurations = (
				9EFADEE21C99A4A30015527A /* Debug */,
				9EFADEE31C99A4A30015527A /* Release */,
			);
			defaultConfigurationIsVisible = 0;
			defaultConfigurationName = Release;
		};
/* End XCConfigurationList section */
	};
	rootObject = 9EFADED21C99A4A30015527A /* Project object */;
}
